
Microsoft Visual Studio Solution File, Format Version 12.00
# Visual Studio 14
VisualStudioVersion = 14.0.25420.1
MinimumVisualStudioVersion = 10.0.40219.1
Project("{FAE04EC0-301F-11D3-BF4B-00C04F79EFBC}") = "3_StaticSiniflar", "3_StaticSiniflar\3_StaticSiniflar.csproj", "{69183BD7-32F3-4F3D-9FE5-3F18998717AD}"
EndProject
Global
	GlobalSection(SolutionConfigurationPlatforms) = preSolution
		Debug|Any CPU = Debug|Any CPU
		Release|Any CPU = Release|Any CPU
	EndGlobalSection
	GlobalSection(ProjectConfigurationPlatforms) = postSolution
		{69183BD7-32F3-4F3D-9FE5-3F18998717AD}.Debug|Any CPU.ActiveCfg = Debug|Any CPU
		{69183BD7-32F3-4F3D-9FE5-3F18998717AD}.Debug|Any CPU.Build.0 = Debug|Any CPU
		{69183BD7-32F3-4F3D-9FE5-3F18998717AD}.Release|Any CPU.ActiveCfg = Release|Any CPU
		{69183BD7-32F3-4F3D-9FE5-3F18998717AD}.Release|Any CPU.Build.0 = Release|Any CPU
	EndGlobalSection
	GlobalSection(SolutionProperties) = preSolution
		HideSolutionNode = FALSE
	EndGlobalSection
EndGlobal
